// !$*UTF8*$!
{
	archiveVersion = 1;
	classes = {
	};
	objectVersion = 56;
	objects = {

/* Begin PBXBuildFile section */
		BC54A7CC29B555AA002E7506 /* final_projectApp.swift in Sources */ = {isa = PBXBuildFile; fileRef = BC54A7CB29B555AA002E7506 /* final_projectApp.swift */; };
		BC54A7CE29B555AA002E7506 /* ContentView.swift in Sources */ = {isa = PBXBuildFile; fileRef = BC54A7CD29B555AA002E7506 /* ContentView.swift */; };
		BC54A7D029B555AB002E7506 /* Assets.xcassets in Resources */ = {isa = PBXBuildFile; fileRef = BC54A7CF29B555AB002E7506 /* Assets.xcassets */; };
		BC54A7D329B555AB002E7506 /* Preview Assets.xcassets in Resources */ = {isa = PBXBuildFile; fileRef = BC54A7D229B555AB002E7506 /* Preview Assets.xcassets */; };
		BC54A7DB29B794FB002E7506 /* pokemon.json in Resources */ = {isa = PBXBuildFile; fileRef = BC54A7DA29B794FB002E7506 /* pokemon.json */; };
		BC54A7DE29B7A92F002E7506 /* Helpers.swift in Sources */ = {isa = PBXBuildFile; fileRef = BC54A7DD29B7A92F002E7506 /* Helpers.swift */; };
		BC54A7E129B7AB73002E7506 /* PokemonModel.swift in Sources */ = {isa = PBXBuildFile; fileRef = BC54A7E029B7AB73002E7506 /* PokemonModel.swift */; };
		BC54A7E429B7AC98002E7506 /* ViewModel.swift in Sources */ = {isa = PBXBuildFile; fileRef = BC54A7E329B7AC98002E7506 /* ViewModel.swift */; };
		BC54A7E729B7ACCB002E7506 /* PokemonManager.swift in Sources */ = {isa = PBXBuildFile; fileRef = BC54A7E629B7ACCB002E7506 /* PokemonManager.swift */; };
		BC54A7EA29B7C415002E7506 /* PokemonDetailView.swift in Sources */ = {isa = PBXBuildFile; fileRef = BC54A7E929B7C415002E7506 /* PokemonDetailView.swift */; };
		BC54A7EC29B7C5E6002E7506 /* PokemonView.swift in Sources */ = {isa = PBXBuildFile; fileRef = BC54A7EB29B7C5E6002E7506 /* PokemonView.swift */; };
		BC54A7F329B87CB4002E7506 /* View3D.swift in Sources */ = {isa = PBXBuildFile; fileRef = BC54A7F229B87CB4002E7506 /* View3D.swift */; };
/* End PBXBuildFile section */

/* Begin PBXFileReference section */
		BC54A7C829B555AA002E7506 /* final-project.app */ = {isa = PBXFileReference; explicitFileType = wrapper.application; includeInIndex = 0; path = "final-project.app"; sourceTree = BUILT_PRODUCTS_DIR; };
		BC54A7CB29B555AA002E7506 /* final_projectApp.swift */ = {isa = PBXFileReference; lastKnownFileType = sourcecode.swift; path = final_projectApp.swift; sourceTree = "<group>"; };
		BC54A7CD29B555AA002E7506 /* ContentView.swift */ = {isa = PBXFileReference; lastKnownFileType = sourcecode.swift; path = ContentView.swift; sourceTree = "<group>"; };
		BC54A7CF29B555AB002E7506 /* Assets.xcassets */ = {isa = PBXFileReference; lastKnownFileType = folder.assetcatalog; path = Assets.xcassets; sourceTree = "<group>"; };
		BC54A7D229B555AB002E7506 /* Preview Assets.xcassets */ = {isa = PBXFileReference; lastKnownFileType = folder.assetcatalog; path = "Preview Assets.xcassets"; sourceTree = "<group>"; };
		BC54A7DA29B794FB002E7506 /* pokemon.json */ = {isa = PBXFileReference; lastKnownFileType = text.json; path = pokemon.json; sourceTree = "<group>"; };
		BC54A7DD29B7A92F002E7506 /* Helpers.swift */ = {isa = PBXFileReference; lastKnownFileType = sourcecode.swift; path = Helpers.swift; sourceTree = "<group>"; };
		BC54A7E029B7AB73002E7506 /* PokemonModel.swift */ = {isa = PBXFileReference; lastKnownFileType = sourcecode.swift; path = PokemonModel.swift; sourceTree = "<group>"; };
		BC54A7E329B7AC98002E7506 /* ViewModel.swift */ = {isa = PBXFileReference; lastKnownFileType = sourcecode.swift; path = ViewModel.swift; sourceTree = "<group>"; };
		BC54A7E629B7ACCB002E7506 /* PokemonManager.swift */ = {isa = PBXFileReference; lastKnownFileType = sourcecode.swift; path = PokemonManager.swift; sourceTree = "<group>"; };
		BC54A7E929B7C415002E7506 /* PokemonDetailView.swift */ = {isa = PBXFileReference; lastKnownFileType = sourcecode.swift; path = PokemonDetailView.swift; sourceTree = "<group>"; };
		BC54A7EB29B7C5E6002E7506 /* PokemonView.swift */ = {isa = PBXFileReference; lastKnownFileType = sourcecode.swift; path = PokemonView.swift; sourceTree = "<group>"; };
		BC54A7F229B87CB4002E7506 /* View3D.swift */ = {isa = PBXFileReference; lastKnownFileType = sourcecode.swift; path = View3D.swift; sourceTree = "<group>"; };
/* End PBXFileReference section */

/* Begin PBXFrameworksBuildPhase section */
		BC54A7C529B555AA002E7506 /* Frameworks */ = {
			isa = PBXFrameworksBuildPhase;
			buildActionMask = 2147483647;
			files = (
			);
			runOnlyForDeploymentPostprocessing = 0;
		};
/* End PBXFrameworksBuildPhase section */

/* Begin PBXGroup section */
		BC54A7BF29B555AA002E7506 = {
			isa = PBXGroup;
			children = (
				BC54A7CA29B555AA002E7506 /* final-project */,
				BC54A7C929B555AA002E7506 /* Products */,
			);
			sourceTree = "<group>";
		};
		BC54A7C929B555AA002E7506 /* Products */ = {
			isa = PBXGroup;
			children = (
				BC54A7C829B555AA002E7506 /* final-project.app */,
			);
			name = Products;
			sourceTree = "<group>";
		};
		BC54A7CA29B555AA002E7506 /* final-project */ = {
			isa = PBXGroup;
			children = (
				BC54A80629B88985002E7506 /* New Group */,
				BC54A7CB29B555AA002E7506 /* final_projectApp.swift */,
				BC54A7CF29B555AB002E7506 /* Assets.xcassets */,
				BC54A7E829B7C34E002E7506 /* Views */,
				BC54A7E229B7AC78002E7506 /* View Model */,
				BC54A7DF29B7AB58002E7506 /* Models */,
				BC54A7E529B7ACB1002E7506 /* Managers */,
				BC54A7DC29B7A915002E7506 /* Helpers */,
				BC54A7D929B794D1002E7506 /* Data */,
				BC54A7D129B555AB002E7506 /* Preview Content */,
			);
			path = "final-project";
			sourceTree = "<group>";
		};
		BC54A7D129B555AB002E7506 /* Preview Content */ = {
			isa = PBXGroup;
			children = (
				BC54A7D229B555AB002E7506 /* Preview Assets.xcassets */,
			);
			path = "Preview Content";
			sourceTree = "<group>";
		};
		BC54A7D929B794D1002E7506 /* Data */ = {
			isa = PBXGroup;
			children = (
				BC54A7DA29B794FB002E7506 /* pokemon.json */,
			);
			path = Data;
			sourceTree = "<group>";
		};
		BC54A7DC29B7A915002E7506 /* Helpers */ = {
			isa = PBXGroup;
			children = (
				BC54A7DD29B7A92F002E7506 /* Helpers.swift */,
			);
			path = Helpers;
			sourceTree = "<group>";
		};
		BC54A7DF29B7AB58002E7506 /* Models */ = {
			isa = PBXGroup;
			children = (
				BC54A7E029B7AB73002E7506 /* PokemonModel.swift */,
			);
			path = Models;
			sourceTree = "<group>";
		};
		BC54A7E229B7AC78002E7506 /* View Model */ = {
			isa = PBXGroup;
			children = (
				BC54A7E329B7AC98002E7506 /* ViewModel.swift */,
			);
			path = "View Model";
			sourceTree = "<group>";
		};
		BC54A7E529B7ACB1002E7506 /* Managers */ = {
			isa = PBXGroup;
			children = (
				BC54A7E629B7ACCB002E7506 /* PokemonManager.swift */,
			);
			path = Managers;
			sourceTree = "<group>";
		};
		BC54A7E829B7C34E002E7506 /* Views */ = {
			isa = PBXGroup;
			children = (
				BC54A7CD29B555AA002E7506 /* ContentView.swift */,
				BC54A7E929B7C415002E7506 /* PokemonDetailView.swift */,
				BC54A7EB29B7C5E6002E7506 /* PokemonView.swift */,
				BC54A7F229B87CB4002E7506 /* View3D.swift */,
			);
			path = Views;
			sourceTree = "<group>";
		};
		BC54A80629B88985002E7506 /* New Group */ = {
			isa = PBXGroup;
			children = (
			);
			path = "New Group";
			sourceTree = "<group>";
		};
/* End PBXGroup section */

/* Begin PBXNativeTarget section */
		BC54A7C729B555AA002E7506 /* final-project */ = {
			isa = PBXNativeTarget;
			buildConfigurationList = BC54A7D629B555AB002E7506 /* Build configuration list for PBXNativeTarget "final-project" */;
			buildPhases = (
				BC54A7C429B555AA002E7506 /* Sources */,
				BC54A7C529B555AA002E7506 /* Frameworks */,
				BC54A7C629B555AA002E7506 /* Resources */,
			);
			buildRules = (
			);
			dependencies = (
			);
			name = "final-project";
			packageProductDependencies = (
			);
			productName = "final-project";
			productReference = BC54A7C829B555AA002E7506 /* final-project.app */;
			productType = "com.apple.product-type.application";
		};
/* End PBXNativeTarget section */

/* Begin PBXProject section */
		BC54A7C029B555AA002E7506 /* Project object */ = {
			isa = PBXProject;
			attributes = {
				BuildIndependentTargetsInParallel = 1;
				LastSwiftUpdateCheck = 1420;
				LastUpgradeCheck = 1420;
				TargetAttributes = {
					BC54A7C729B555AA002E7506 = {
						CreatedOnToolsVersion = 14.2;
					};
				};
			};
			buildConfigurationList = BC54A7C329B555AA002E7506 /* Build configuration list for PBXProject "final-project" */;
			compatibilityVersion = "Xcode 14.0";
			developmentRegion = en;
			hasScannedForEncodings = 0;
			knownRegions = (
				en,
				Base,
			);
			mainGroup = BC54A7BF29B555AA002E7506;
			packageReferences = (
				BC54A7ED29B851F6002E7506 /* XCRemoteSwiftPackageReference "PokemonAPI" */,
			);
			productRefGroup = BC54A7C929B555AA002E7506 /* Products */;
			projectDirPath = "";
			projectRoot = "";
			targets = (
				BC54A7C729B555AA002E7506 /* final-project */,
			);
		};
/* End PBXProject section */

/* Begin PBXResourcesBuildPhase section */
		BC54A7C629B555AA002E7506 /* Resources */ = {
			isa = PBXResourcesBuildPhase;
			buildActionMask = 2147483647;
			files = (
				BC54A7D329B555AB002E7506 /* Preview Assets.xcassets in Resources */,
				BC54A7DB29B794FB002E7506 /* pokemon.json in Resources */,
				BC54A7D029B555AB002E7506 /* Assets.xcassets in Resources */,
			);
			runOnlyForDeploymentPostprocessing = 0;
		};
/* End PBXResourcesBuildPhase section */

/* Begin PBXSourcesBuildPhase section */
		BC54A7C429B555AA002E7506 /* Sources */ = {
			isa = PBXSourcesBuildPhase;
			buildActionMask = 2147483647;
			files = (
				BC54A7EC29B7C5E6002E7506 /* PokemonView.swift in Sources */,
				BC54A7F329B87CB4002E7506 /* View3D.swift in Sources */,
				BC54A7E429B7AC98002E7506 /* ViewModel.swift in Sources */,
				BC54A7E729B7ACCB002E7506 /* PokemonManager.swift in Sources */,
				BC54A7CE29B555AA002E7506 /* ContentView.swift in Sources */,
				BC54A7DE29B7A92F002E7506 /* Helpers.swift in Sources */,
				BC54A7CC29B555AA002E7506 /* final_projectApp.swift in Sources */,
				BC54A7EA29B7C415002E7506 /* PokemonDetailView.swift in Sources */,
				BC54A7E129B7AB73002E7506 /* PokemonModel.swift in Sources */,
			);
			runOnlyForDeploymentPostprocessing = 0;
		};
/* End PBXSourcesBuildPhase section */

/* Begin XCBuildConfiguration section */
		BC54A7D429B555AB002E7506 /* Debug */ = {
			isa = XCBuildConfiguration;
			buildSettings = {
				ALWAYS_SEARCH_USER_PATHS = NO;
				CLANG_ANALYZER_NONNULL = YES;
				CLANG_ANALYZER_NUMBER_OBJECT_CONVERSION = YES_AGGRESSIVE;
				CLANG_CXX_LANGUAGE_STANDARD = "gnu++20";
				CLANG_ENABLE_MODULES = YES;
				CLANG_ENABLE_OBJC_ARC = YES;
				CLANG_ENABLE_OBJC_WEAK = YES;
				CLANG_WARN_BLOCK_CAPTURE_AUTORELEASING = YES;
				CLANG_WARN_BOOL_CONVERSION = YES;
				CLANG_WARN_COMMA = YES;
				CLANG_WARN_CONSTANT_CONVERSION = YES;
				CLANG_WARN_DEPRECATED_OBJC_IMPLEMENTATIONS = YES;
				CLANG_WARN_DIRECT_OBJC_ISA_USAGE = YES_ERROR;
				CLANG_WARN_DOCUMENTATION_COMMENTS = YES;
				CLANG_WARN_EMPTY_BODY = YES;
				CLANG_WARN_ENUM_CONVERSION = YES;
				CLANG_WARN_INFINITE_RECURSION = YES;
				CLANG_WARN_INT_CONVERSION = YES;
				CLANG_WARN_NON_LITERAL_NULL_CONVERSION = YES;
				CLANG_WARN_OBJC_IMPLICIT_RETAIN_SELF = YES;
				CLANG_WARN_OBJC_LITERAL_CONVERSION = YES;
				CLANG_WARN_OBJC_ROOT_CLASS = YES_ERROR;
				CLANG_WARN_QUOTED_INCLUDE_IN_FRAMEWORK_HEADER = YES;
				CLANG_WARN_RANGE_LOOP_ANALYSIS = YES;
				CLANG_WARN_STRICT_PROTOTYPES = YES;
				CLANG_WARN_SUSPICIOUS_MOVE = YES;
				CLANG_WARN_UNGUARDED_AVAILABILITY = YES_AGGRESSIVE;
				CLANG_WARN_UNREACHABLE_CODE = YES;
				CLANG_WARN__DUPLICATE_METHOD_MATCH = YES;
				COPY_PHASE_STRIP = NO;
				DEBUG_INFORMATION_FORMAT = dwarf;
				ENABLE_STRICT_OBJC_MSGSEND = YES;
				ENABLE_TESTABILITY = YES;
				GCC_C_LANGUAGE_STANDARD = gnu11;
				GCC_DYNAMIC_NO_PIC = NO;
				GCC_NO_COMMON_BLOCKS = YES;
				GCC_OPTIMIZATION_LEVEL = 0;
				GCC_PREPROCESSOR_DEFINITIONS = (
					"DEBUG=1",
					"$(inherited)",
				);
				GCC_WARN_64_TO_32_BIT_CONVERSION = YES;
				GCC_WARN_ABOUT_RETURN_TYPE = YES_ERROR;
				GCC_WARN_UNDECLARED_SELECTOR = YES;
				GCC_WARN_UNINITIALIZED_AUTOS = YES_AGGRESSIVE;
				GCC_WARN_UNUSED_FUNCTION = YES;
				GCC_WARN_UNUSED_VARIABLE = YES;
				IPHONEOS_DEPLOYMENT_TARGET = 16.2;
				MTL_ENABLE_DEBUG_INFO = INCLUDE_SOURCE;
				MTL_FAST_MATH = YES;
				ONLY_ACTIVE_ARCH = YES;
				SDKROOT = iphoneos;
				SWIFT_ACTIVE_COMPILATION_CONDITIONS = DEBUG;
				SWIFT_OPTIMIZATION_LEVEL = "-Onone";
			};
			name = Debug;
		};
		BC54A7D529B555AB002E7506 /* Release */ = {
			isa = XCBuildConfiguration;
			buildSettings = {
				ALWAYS_SEARCH_USER_PATHS = NO;
				CLANG_ANALYZER_NONNULL = YES;
				CLANG_ANALYZER_NUMBER_OBJECT_CONVERSION = YES_AGGRESSIVE;
				CLANG_CXX_LANGUAGE_STANDARD = "gnu++20";
				CLANG_ENABLE_MODULES = YES;
				CLANG_ENABLE_OBJC_ARC = YES;
				CLANG_ENABLE_OBJC_WEAK = YES;
				CLANG_WARN_BLOCK_CAPTURE_AUTORELEASING = YES;
				CLANG_WARN_BOOL_CONVERSION = YES;
				CLANG_WARN_COMMA = YES;
				CLANG_WARN_CONSTANT_CONVERSION = YES;
				CLANG_WARN_DEPRECATED_OBJC_IMPLEMENTATIONS = YES;
				CLANG_WARN_DIRECT_OBJC_ISA_USAGE = YES_ERROR;
				CLANG_WARN_DOCUMENTATION_COMMENTS = YES;
				CLANG_WARN_EMPTY_BODY = YES;
				CLANG_WARN_ENUM_CONVERSION = YES;
				CLANG_WARN_INFINITE_RECURSION = YES;
				CLANG_WARN_INT_CONVERSION = YES;
				CLANG_WARN_NON_LITERAL_NULL_CONVERSION = YES;
				CLANG_WARN_OBJC_IMPLICIT_RETAIN_SELF = YES;
				CLANG_WARN_OBJC_LITERAL_CONVERSION = YES;
				CLANG_WARN_OBJC_ROOT_CLASS = YES_ERROR;
				CLANG_WARN_QUOTED_INCLUDE_IN_FRAMEWORK_HEADER = YES;
				CLANG_WARN_RANGE_LOOP_ANALYSIS = YES;
				CLANG_WARN_STRICT_PROTOTYPES = YES;
				CLANG_WARN_SUSPICIOUS_MOVE = YES;
				CLANG_WARN_UNGUARDED_AVAILABILITY = YES_AGGRESSIVE;
				CLANG_WARN_UNREACHABLE_CODE = YES;
				CLANG_WARN__DUPLICATE_METHOD_MATCH = YES;
				COPY_PHASE_STRIP = NO;
				DEBUG_INFORMATION_FORMAT = "dwarf-with-dsym";
				ENABLE_NS_ASSERTIONS = NO;
				ENABLE_STRICT_OBJC_MSGSEND = YES;
				GCC_C_LANGUAGE_STANDARD = gnu11;
				GCC_NO_COMMON_BLOCKS = YES;
				GCC_WARN_64_TO_32_BIT_CONVERSION = YES;
				GCC_WARN_ABOUT_RETURN_TYPE = YES_ERROR;
				GCC_WARN_UNDECLARED_SELECTOR = YES;
				GCC_WARN_UNINITIALIZED_AUTOS = YES_AGGRESSIVE;
				GCC_WARN_UNUSED_FUNCTION = YES;
				GCC_WARN_UNUSED_VARIABLE = YES;
				IPHONEOS_DEPLOYMENT_TARGET = 16.2;
				MTL_ENABLE_DEBUG_INFO = NO;
				MTL_FAST_MATH = YES;
				SDKROOT = iphoneos;
				SWIFT_COMPILATION_MODE = wholemodule;
				SWIFT_OPTIMIZATION_LEVEL = "-O";
				VALIDATE_PRODUCT = YES;
			};
			name = Release;
		};
		BC54A7D729B555AB002E7506 /* Debug */ = {
			isa = XCBuildConfiguration;
			buildSettings = {
				ASSETCATALOG_COMPILER_APPICON_NAME = AppIcon;
				ASSETCATALOG_COMPILER_GLOBAL_ACCENT_COLOR_NAME = AccentColor;
				CODE_SIGN_STYLE = Automatic;
				CURRENT_PROJECT_VERSION = 1;
				DEVELOPMENT_ASSET_PATHS = "\"final-project/Preview Content\"";
				DEVELOPMENT_TEAM = 79R644N9YX;
				ENABLE_PREVIEWS = YES;
				GENERATE_INFOPLIST_FILE = YES;
				INFOPLIST_KEY_CFBundleDisplayName = "Pokédex";
				INFOPLIST_KEY_LSApplicationCategoryType = "public.app-category.entertainment";
				INFOPLIST_KEY_UIApplicationSceneManifest_Generation = YES;
				INFOPLIST_KEY_UIApplicationSupportsIndirectInputEvents = YES;
				INFOPLIST_KEY_UILaunchScreen_Generation = YES;
				INFOPLIST_KEY_UISupportedInterfaceOrientations_iPad = "UIInterfaceOrientationPortrait UIInterfaceOrientationPortraitUpsideDown UIInterfaceOrientationLandscapeLeft UIInterfaceOrientationLandscapeRight";
				INFOPLIST_KEY_UISupportedInterfaceOrientations_iPhone = "UIInterfaceOrientationPortrait UIInterfaceOrientationLandscapeLeft UIInterfaceOrientationLandscapeRight";
				LD_RUNPATH_SEARCH_PATHS = (
					"$(inherited)",
					"@executable_path/Frameworks",
				);
				MARKETING_VERSION = 1.0;
				PRODUCT_BUNDLE_IDENTIFIER = "jasuchicago.final-project";
				PRODUCT_NAME = "$(TARGET_NAME)";
				SUPPORTED_PLATFORMS = "iphoneos iphonesimulator";
				SUPPORTS_MACCATALYST = NO;
				SUPPORTS_MAC_DESIGNED_FOR_IPHONE_IPAD = NO;
				SWIFT_EMIT_LOC_STRINGS = YES;
				SWIFT_VERSION = 5.0;
				TARGETED_DEVICE_FAMILY = 1;
			};
			name = Debug;
		};
		BC54A7D829B555AB002E7506 /* Release */ = {
			isa = XCBuildConfiguration;
			buildSettings = {
				ASSETCATALOG_COMPILER_APPICON_NAME = AppIcon;
				ASSETCATALOG_COMPILER_GLOBAL_ACCENT_COLOR_NAME = AccentColor;
				CODE_SIGN_STYLE = Automatic;
				CURRENT_PROJECT_VERSION = 1;
				DEVELOPMENT_ASSET_PATHS = "\"final-project/Preview Content\"";
				DEVELOPMENT_TEAM = 79R644N9YX;
				ENABLE_PREVIEWS = YES;
				GENERATE_INFOPLIST_FILE = YES;
				INFOPLIST_KEY_CFBundleDisplayName = "Pokédex";
				INFOPLIST_KEY_LSApplicationCategoryType = "public.app-category.entertainment";
				INFOPLIST_KEY_UIApplicationSceneManifest_Generation = YES;
				INFOPLIST_KEY_UIApplicationSupportsIndirectInputEvents = YES;
				INFOPLIST_KEY_UILaunchScreen_Generation = YES;
				INFOPLIST_KEY_UISupportedInterfaceOrientations_iPad = "UIInterfaceOrientationPortrait UIInterfaceOrientationPortraitUpsideDown UIInterfaceOrientationLandscapeLeft UIInterfaceOrientationLandscapeRight";
				INFOPLIST_KEY_UISupportedInterfaceOrientations_iPhone = "UIInterfaceOrientationPortrait UIInterfaceOrientationLandscapeLeft UIInterfaceOrientationLandscapeRight";
				LD_RUNPATH_SEARCH_PATHS = (
					"$(inherited)",
					"@executable_path/Frameworks",
				);
				MARKETING_VERSION = 1.0;
				PRODUCT_BUNDLE_IDENTIFIER = "jasuchicago.final-project";
				PRODUCT_NAME = "$(TARGET_NAME)";
				SUPPORTED_PLATFORMS = "iphoneos iphonesimulator";
				SUPPORTS_MACCATALYST = NO;
				SUPPORTS_MAC_DESIGNED_FOR_IPHONE_IPAD = NO;
				SWIFT_EMIT_LOC_STRINGS = YES;
				SWIFT_VERSION = 5.0;
				TARGETED_DEVICE_FAMILY = 1;
			};
			name = Release;
		};
/* End XCBuildConfiguration section */

/* Begin XCConfigurationList section */
		BC54A7C329B555AA002E7506 /* Build configuration list for PBXProject "final-project" */ = {
			isa = XCConfigurationList;
			buildConfigurations = (
				BC54A7D429B555AB002E7506 /* Debug */,
				BC54A7D529B555AB002E7506 /* Release */,
			);
			defaultConfigurationIsVisible = 0;
			defaultConfigurationName = Release;
		};
		BC54A7D629B555AB002E7506 /* Build configuration list for PBXNativeTarget "final-project" */ = {
			isa = XCConfigurationList;
			buildConfigurations = (
				BC54A7D729B555AB002E7506 /* Debug */,
				BC54A7D829B555AB002E7506 /* Release */,
			);
			defaultConfigurationIsVisible = 0;
			defaultConfigurationName = Release;
		};
/* End XCConfigurationList section */

/* Begin XCRemoteSwiftPackageReference section */
		BC54A7ED29B851F6002E7506 /* XCRemoteSwiftPackageReference "PokemonAPI" */ = {
			isa = XCRemoteSwiftPackageReference;
			repositoryURL = "https://github.com/kinkofer/PokemonAPI";
			requirement = {
				kind = upToNextMajorVersion;
				minimumVersion = 6.0.0;
			};
		};
/* End XCRemoteSwiftPackageReference section */
	};
	rootObject = BC54A7C029B555AA002E7506 /* Project object */;
}
